PODS:
  - fluid-slider (0.0.6):
    - pop
  - FoldingCell (3.0.0)
  - pop (1.0.10)

DEPENDENCIES:
  - fluid-slider
  - FoldingCell

SPEC CHECKSUMS:
  fluid-slider: 3aeb48bd7f875dc0431963fde12674e69c7c0ed2
  FoldingCell: 55e9fcac546acc2c8f110f210af892aa90032160
  pop: 82ca6b068ce9278fd350fd9dd09482a0ce9492e6

PODFILE CHECKSUM: 44381dc389d01bd1bab015394d538fd3ec22ad27

COCOAPODS: 1.4.0
